
Microsoft Visual Studio Solution File, Format Version 10.00
# Visual Studio 2008
Project("{8BC9CEB8-8B4A-11D0-8D11-00A0C91BC942}") = "NullRenderer", "NullRenderer.vcproj", "{87A6E8C0-BB15-4228-8AC1-E29D22F59B74}"
EndProject
Global
	GlobalSection(SolutionConfigurationPlatforms) = preSolution
		Debug|eBox3310A_WINCE600_SDK (x86) = Debug|eBox3310A_WINCE600_SDK (x86)
		Debug|Lamarck_VDX_SDK (x86) = Debug|Lamarck_VDX_SDK (x86)
		Debug|Windows Mobile 5.0 Pocket PC SDK (ARMV4I) = Debug|Windows Mobile 5.0 Pocket PC SDK (ARMV4I)
		Debug|Windows Mobile 5.0 Smartphone SDK (ARMV4I) = Debug|Windows Mobile 5.0 Smartphone SDK (ARMV4I)
		Debug|Windows Mobile 6 Professional SDK (ARMV4I) = Debug|Windows Mobile 6 Professional SDK (ARMV4I)
		Release|eBox3310A_WINCE600_SDK (x86) = Release|eBox3310A_WINCE600_SDK (x86)
		Release|Lamarck_VDX_SDK (x86) = Release|Lamarck_VDX_SDK (x86)
		Release|Windows Mobile 5.0 Pocket PC SDK (ARMV4I) = Release|Windows Mobile 5.0 Pocket PC SDK (ARMV4I)
		Release|Windows Mobile 5.0 Smartphone SDK (ARMV4I) = Release|Windows Mobile 5.0 Smartphone SDK (ARMV4I)
		Release|Windows Mobile 6 Professional SDK (ARMV4I) = Release|Windows Mobile 6 Professional SDK (ARMV4I)
	EndGlobalSection
	GlobalSection(ProjectConfigurationPlatforms) = postSolution
		{87A6E8C0-BB15-4228-8AC1-E29D22F59B74}.Debug|eBox3310A_WINCE600_SDK (x86).ActiveCfg = Debug|eBox3310A_WINCE600_SDK (x86)
		{87A6E8C0-BB15-4228-8AC1-E29D22F59B74}.Debug|eBox3310A_WINCE600_SDK (x86).Build.0 = Debug|eBox3310A_WINCE600_SDK (x86)
		{87A6E8C0-BB15-4228-8AC1-E29D22F59B74}.Debug|eBox3310A_WINCE600_SDK (x86).Deploy.0 = Debug|eBox3310A_WINCE600_SDK (x86)
		{87A6E8C0-BB15-4228-8AC1-E29D22F59B74}.Debug|Lamarck_VDX_SDK (x86).ActiveCfg = Debug|Lamarck_VDX_SDK (x86)
		{87A6E8C0-BB15-4228-8AC1-E29D22F59B74}.Debug|Lamarck_VDX_SDK (x86).Build.0 = Debug|Lamarck_VDX_SDK (x86)
		{87A6E8C0-BB15-4228-8AC1-E29D22F59B74}.Debug|Lamarck_VDX_SDK (x86).Deploy.0 = Debug|Lamarck_VDX_SDK (x86)
		{87A6E8C0-BB15-4228-8AC1-E29D22F59B74}.Debug|Windows Mobile 5.0 Pocket PC SDK (ARMV4I).ActiveCfg = Debug|Windows Mobile 5.0 Pocket PC SDK (ARMV4I)
		{87A6E8C0-BB15-4228-8AC1-E29D22F59B74}.Debug|Windows Mobile 5.0 Pocket PC SDK (ARMV4I).Build.0 = Debug|Windows Mobile 5.0 Pocket PC SDK (ARMV4I)
		{87A6E8C0-BB15-4228-8AC1-E29D22F59B74}.Debug|Windows Mobile 5.0 Pocket PC SDK (ARMV4I).Deploy.0 = Debug|Windows Mobile 5.0 Pocket PC SDK (ARMV4I)
		{87A6E8C0-BB15-4228-8AC1-E29D22F59B74}.Debug|Windows Mobile 5.0 Smartphone SDK (ARMV4I).ActiveCfg = Debug|Windows Mobile 5.0 Smartphone SDK (ARMV4I)
		{87A6E8C0-BB15-4228-8AC1-E29D22F59B74}.Debug|Windows Mobile 5.0 Smartphone SDK (ARMV4I).Build.0 = Debug|Windows Mobile 5.0 Smartphone SDK (ARMV4I)
		{87A6E8C0-BB15-4228-8AC1-E29D22F59B74}.Debug|Windows Mobile 5.0 Smartphone SDK (ARMV4I).Deploy.0 = Debug|Windows Mobile 5.0 Smartphone SDK (ARMV4I)
		{87A6E8C0-BB15-4228-8AC1-E29D22F59B74}.Debug|Windows Mobile 6 Professional SDK (ARMV4I).ActiveCfg = Debug|Windows Mobile 5.0 Smartphone SDK (ARMV4I)
		{87A6E8C0-BB15-4228-8AC1-E29D22F59B74}.Release|eBox3310A_WINCE600_SDK (x86).ActiveCfg = Release|eBox3310A_WINCE600_SDK (x86)
		{87A6E8C0-BB15-4228-8AC1-E29D22F59B74}.Release|eBox3310A_WINCE600_SDK (x86).Build.0 = Release|eBox3310A_WINCE600_SDK (x86)
		{87A6E8C0-BB15-4228-8AC1-E29D22F59B74}.Release|eBox3310A_WINCE600_SDK (x86).Deploy.0 = Release|eBox3310A_WINCE600_SDK (x86)
		{87A6E8C0-BB15-4228-8AC1-E29D22F59B74}.Release|Lamarck_VDX_SDK (x86).ActiveCfg = Release|Lamarck_VDX_SDK (x86)
		{87A6E8C0-BB15-4228-8AC1-E29D22F59B74}.Release|Lamarck_VDX_SDK (x86).Build.0 = Release|Lamarck_VDX_SDK (x86)
		{87A6E8C0-BB15-4228-8AC1-E29D22F59B74}.Release|Lamarck_VDX_SDK (x86).Deploy.0 = Release|Lamarck_VDX_SDK (x86)
		{87A6E8C0-BB15-4228-8AC1-E29D22F59B74}.Release|Windows Mobile 5.0 Pocket PC SDK (ARMV4I).ActiveCfg = Release|Windows Mobile 5.0 Pocket PC SDK (ARMV4I)
		{87A6E8C0-BB15-4228-8AC1-E29D22F59B74}.Release|Windows Mobile 5.0 Pocket PC SDK (ARMV4I).Build.0 = Release|Windows Mobile 5.0 Pocket PC SDK (ARMV4I)
		{87A6E8C0-BB15-4228-8AC1-E29D22F59B74}.Release|Windows Mobile 5.0 Pocket PC SDK (ARMV4I).Deploy.0 = Release|Windows Mobile 5.0 Pocket PC SDK (ARMV4I)
		{87A6E8C0-BB15-4228-8AC1-E29D22F59B74}.Release|Windows Mobile 5.0 Smartphone SDK (ARMV4I).ActiveCfg = Release|Windows Mobile 5.0 Smartphone SDK (ARMV4I)
		{87A6E8C0-BB15-4228-8AC1-E29D22F59B74}.Release|Windows Mobile 5.0 Smartphone SDK (ARMV4I).Build.0 = Release|Windows Mobile 5.0 Smartphone SDK (ARMV4I)
		{87A6E8C0-BB15-4228-8AC1-E29D22F59B74}.Release|Windows Mobile 5.0 Smartphone SDK (ARMV4I).Deploy.0 = Release|Windows Mobile 5.0 Smartphone SDK (ARMV4I)
		{87A6E8C0-BB15-4228-8AC1-E29D22F59B74}.Release|Windows Mobile 6 Professional SDK (ARMV4I).ActiveCfg = Release|Windows Mobile 5.0 Smartphone SDK (ARMV4I)
	EndGlobalSection
	GlobalSection(SolutionProperties) = preSolution
		HideSolutionNode = FALSE
	EndGlobalSection
EndGlobal
